// !$*UTF8*$!
{
	archiveVersion = 1;
	classes = {
	};
	objectVersion = 50;
	objects = {

/* Begin PBXBuildFile section */
		842A2F9F2BD51BC30022640D /* SwiftUI_JsonReadingApp.swift in Sources */ = {isa = PBXBuildFile; fileRef = 842A2F9E2BD51BC30022640D /* SwiftUI_JsonReadingApp.swift */; };
		842A2FA12BD51BC30022640D /* ContentView.swift in Sources */ = {isa = PBXBuildFile; fileRef = 842A2FA02BD51BC30022640D /* ContentView.swift */; };
		842A2FA32BD51BC70022640D /* Assets.xcassets in Resources */ = {isa = PBXBuildFile; fileRef = 842A2FA22BD51BC70022640D /* Assets.xcassets */; };
		842A2FA62BD51BC70022640D /* Preview Assets.xcassets in Resources */ = {isa = PBXBuildFile; fileRef = 842A2FA52BD51BC70022640D /* Preview Assets.xcassets */; };
		842A2FAF2BD51BDF0022640D /* dummy.json in Resources */ = {isa = PBXBuildFile; fileRef = 842A2FAE2BD51BDF0022640D /* dummy.json */; };
		842A2FB32BD51C050022640D /* Products.swift in Sources */ = {isa = PBXBuildFile; fileRef = 842A2FB22BD51C050022640D /* Products.swift */; };
		842A2FB72BD51DF20022640D /* ProductViewModel.swift in Sources */ = {isa = PBXBuildFile; fileRef = 842A2FB62BD51DF20022640D /* ProductViewModel.swift */; };
		84AD97572BD8DC7000FB20ED /* CusotmCell.swift in Sources */ = {isa = PBXBuildFile; fileRef = 84AD97562BD8DC7000FB20ED /* CusotmCell.swift */; };
		84F39AC92BD9085F004AE908 /* DetailProduct.swift in Sources */ = {isa = PBXBuildFile; fileRef = 84F39AC82BD9085F004AE908 /* DetailProduct.swift */; };
		84F39AD02BD94B59004AE908 /* ProductsViewModel.swift in Sources */ = {isa = PBXBuildFile; fileRef = 84F39ACF2BD94B59004AE908 /* ProductsViewModel.swift */; };
/* End PBXBuildFile section */

/* Begin PBXFileReference section */
		842A2F9B2BD51BC30022640D /* SwiftUI-JsonReading.app */ = {isa = PBXFileReference; explicitFileType = wrapper.application; includeInIndex = 0; path = "SwiftUI-JsonReading.app"; sourceTree = BUILT_PRODUCTS_DIR; };
		842A2F9E2BD51BC30022640D /* SwiftUI_JsonReadingApp.swift */ = {isa = PBXFileReference; lastKnownFileType = sourcecode.swift; path = SwiftUI_JsonReadingApp.swift; sourceTree = "<group>"; };
		842A2FA02BD51BC30022640D /* ContentView.swift */ = {isa = PBXFileReference; lastKnownFileType = sourcecode.swift; path = ContentView.swift; sourceTree = "<group>"; };
		842A2FA22BD51BC70022640D /* Assets.xcassets */ = {isa = PBXFileReference; lastKnownFileType = folder.assetcatalog; path = Assets.xcassets; sourceTree = "<group>"; };
		842A2FA52BD51BC70022640D /* Preview Assets.xcassets */ = {isa = PBXFileReference; lastKnownFileType = folder.assetcatalog; path = "Preview Assets.xcassets"; sourceTree = "<group>"; };
		842A2FA72BD51BC70022640D /* Info.plist */ = {isa = PBXFileReference; lastKnownFileType = text.plist.xml; path = Info.plist; sourceTree = "<group>"; };
		842A2FAE2BD51BDF0022640D /* dummy.json */ = {isa = PBXFileReference; fileEncoding = 4; lastKnownFileType = text.json; path = dummy.json; sourceTree = "<group>"; };
		842A2FB22BD51C050022640D /* Products.swift */ = {isa = PBXFileReference; lastKnownFileType = sourcecode.swift; path = Products.swift; sourceTree = "<group>"; };
		842A2FB62BD51DF20022640D /* ProductViewModel.swift */ = {isa = PBXFileReference; lastKnownFileType = sourcecode.swift; path = ProductViewModel.swift; sourceTree = "<group>"; };
		84AD97562BD8DC7000FB20ED /* CusotmCell.swift */ = {isa = PBXFileReference; lastKnownFileType = sourcecode.swift; path = CusotmCell.swift; sourceTree = "<group>"; };
		84F39AC82BD9085F004AE908 /* DetailProduct.swift */ = {isa = PBXFileReference; lastKnownFileType = sourcecode.swift; path = DetailProduct.swift; sourceTree = "<group>"; };
		84F39ACF2BD94B59004AE908 /* ProductsViewModel.swift */ = {isa = PBXFileReference; lastKnownFileType = sourcecode.swift; path = ProductsViewModel.swift; sourceTree = "<group>"; };
/* End PBXFileReference section */

/* Begin PBXFrameworksBuildPhase section */
		842A2F982BD51BC30022640D /* Frameworks */ = {
			isa = PBXFrameworksBuildPhase;
			buildActionMask = 2147483647;
			files = (
			);
			runOnlyForDeploymentPostprocessing = 0;
		};
/* End PBXFrameworksBuildPhase section */

/* Begin PBXGroup section */
		842A2F922BD51BC30022640D = {
			isa = PBXGroup;
			children = (
				842A2F9D2BD51BC30022640D /* SwiftUI-JsonReading */,
				842A2F9C2BD51BC30022640D /* Products */,
			);
			sourceTree = "<group>";
		};
		842A2F9C2BD51BC30022640D /* Products */ = {
			isa = PBXGroup;
			children = (
				842A2F9B2BD51BC30022640D /* SwiftUI-JsonReading.app */,
			);
			name = Products;
			sourceTree = "<group>";
		};
		842A2F9D2BD51BC30022640D /* SwiftUI-JsonReading */ = {
			isa = PBXGroup;
			children = (
				842A2FB52BD51DDD0022640D /* ViewModel */,
				842A2FB12BD51BEC0022640D /* Model */,
				842A2F9E2BD51BC30022640D /* SwiftUI_JsonReadingApp.swift */,
				842A2FA02BD51BC30022640D /* ContentView.swift */,
				84AD97562BD8DC7000FB20ED /* CusotmCell.swift */,
				84F39AC82BD9085F004AE908 /* DetailProduct.swift */,
				842A2FA22BD51BC70022640D /* Assets.xcassets */,
				842A2FAE2BD51BDF0022640D /* dummy.json */,
				842A2FA72BD51BC70022640D /* Info.plist */,
				842A2FA42BD51BC70022640D /* Preview Content */,
			);
			path = "SwiftUI-JsonReading";
			sourceTree = "<group>";
		};
		842A2FA42BD51BC70022640D /* Preview Content */ = {
			isa = PBXGroup;
			children = (
				842A2FA52BD51BC70022640D /* Preview Assets.xcassets */,
			);
			path = "Preview Content";
			sourceTree = "<group>";
		};
		842A2FB12BD51BEC0022640D /* Model */ = {
			isa = PBXGroup;
			children = (
				842A2FB22BD51C050022640D /* Products.swift */,
			);
			path = Model;
			sourceTree = "<group>";
		};
		842A2FB52BD51DDD0022640D /* ViewModel */ = {
			isa = PBXGroup;
			children = (
				842A2FB62BD51DF20022640D /* ProductViewModel.swift */,
				84F39ACF2BD94B59004AE908 /* ProductsViewModel.swift */,
			);
			path = ViewModel;
			sourceTree = "<group>";
		};
/* End PBXGroup section */

/* Begin PBXNativeTarget section */
		842A2F9A2BD51BC30022640D /* SwiftUI-JsonReading */ = {
			isa = PBXNativeTarget;
			buildConfigurationList = 842A2FAA2BD51BC70022640D /* Build configuration list for PBXNativeTarget "SwiftUI-JsonReading" */;
			buildPhases = (
				842A2F972BD51BC30022640D /* Sources */,
				842A2F982BD51BC30022640D /* Frameworks */,
				842A2F992BD51BC30022640D /* Resources */,
			);
			buildRules = (
			);
			dependencies = (
			);
			name = "SwiftUI-JsonReading";
			productName = "SwiftUI-JsonReading";
			productReference = 842A2F9B2BD51BC30022640D /* SwiftUI-JsonReading.app */;
			productType = "com.apple.product-type.application";
		};
/* End PBXNativeTarget section */

/* Begin PBXProject section */
		842A2F932BD51BC30022640D /* Project object */ = {
			isa = PBXProject;
			attributes = {
				LastSwiftUpdateCheck = 1230;
				LastUpgradeCheck = 1230;
				TargetAttributes = {
					842A2F9A2BD51BC30022640D = {
						CreatedOnToolsVersion = 12.3;
					};
				};
			};
			buildConfigurationList = 842A2F962BD51BC30022640D /* Build configuration list for PBXProject "SwiftUI-JsonReading" */;
			compatibilityVersion = "Xcode 9.3";
			developmentRegion = en;
			hasScannedForEncodings = 0;
			knownRegions = (
				en,
				Base,
			);
			mainGroup = 842A2F922BD51BC30022640D;
			productRefGroup = 842A2F9C2BD51BC30022640D /* Products */;
			projectDirPath = "";
			projectRoot = "";
			targets = (
				842A2F9A2BD51BC30022640D /* SwiftUI-JsonReading */,
			);
		};
/* End PBXProject section */

/* Begin PBXResourcesBuildPhase section */
		842A2F992BD51BC30022640D /* Resources */ = {
			isa = PBXResourcesBuildPhase;
			buildActionMask = 2147483647;
			files = (
				842A2FA62BD51BC70022640D /* Preview Assets.xcassets in Resources */,
				842A2FA32BD51BC70022640D /* Assets.xcassets in Resources */,
				842A2FAF2BD51BDF0022640D /* dummy.json in Resources */,
			);
			runOnlyForDeploymentPostprocessing = 0;
		};
/* End PBXResourcesBuildPhase section */

/* Begin PBXSourcesBuildPhase section */
		842A2F972BD51BC30022640D /* Sources */ = {
			isa = PBXSourcesBuildPhase;
			buildActionMask = 2147483647;
			files = (
				84AD97572BD8DC7000FB20ED /* CusotmCell.swift in Sources */,
				842A2FB32BD51C050022640D /* Products.swift in Sources */,
				84F39AD02BD94B59004AE908 /* ProductsViewModel.swift in Sources */,
				842A2FA12BD51BC30022640D /* ContentView.swift in Sources */,
				842A2FB72BD51DF20022640D /* ProductViewModel.swift in Sources */,
				84F39AC92BD9085F004AE908 /* DetailProduct.swift in Sources */,
				842A2F9F2BD51BC30022640D /* SwiftUI_JsonReadingApp.swift in Sources */,
			);
			runOnlyForDeploymentPostprocessing = 0;
		};
/* End PBXSourcesBuildPhase section */

/* Begin XCBuildConfiguration section */
		842A2FA82BD51BC70022640D /* Debug */ = {
			isa = XCBuildConfiguration;
			buildSettings = {
				ALWAYS_SEARCH_USER_PATHS = NO;
				CLANG_ANALYZER_NONNULL = YES;
				CLANG_ANALYZER_NUMBER_OBJECT_CONVERSION = YES_AGGRESSIVE;
				CLANG_CXX_LANGUAGE_STANDARD = "gnu++14";
				CLANG_CXX_LIBRARY = "libc++";
				CLANG_ENABLE_MODULES = YES;
				CLANG_ENABLE_OBJC_ARC = YES;
				CLANG_ENABLE_OBJC_WEAK = YES;
				CLANG_WARN_BLOCK_CAPTURE_AUTORELEASING = YES;
				CLANG_WARN_BOOL_CONVERSION = YES;
				CLANG_WARN_COMMA = YES;
				CLANG_WARN_CONSTANT_CONVERSION = YES;
				CLANG_WARN_DEPRECATED_OBJC_IMPLEMENTATIONS = YES;
				CLANG_WARN_DIRECT_OBJC_ISA_USAGE = YES_ERROR;
				CLANG_WARN_DOCUMENTATION_COMMENTS = YES;
				CLANG_WARN_EMPTY_BODY = YES;
				CLANG_WARN_ENUM_CONVERSION = YES;
				CLANG_WARN_INFINITE_RECURSION = YES;
				CLANG_WARN_INT_CONVERSION = YES;
				CLANG_WARN_NON_LITERAL_NULL_CONVERSION = YES;
				CLANG_WARN_OBJC_IMPLICIT_RETAIN_SELF = YES;
				CLANG_WARN_OBJC_LITERAL_CONVERSION = YES;
				CLANG_WARN_OBJC_ROOT_CLASS = YES_ERROR;
				CLANG_WARN_QUOTED_INCLUDE_IN_FRAMEWORK_HEADER = YES;
				CLANG_WARN_RANGE_LOOP_ANALYSIS = YES;
				CLANG_WARN_STRICT_PROTOTYPES = YES;
				CLANG_WARN_SUSPICIOUS_MOVE = YES;
				CLANG_WARN_UNGUARDED_AVAILABILITY = YES_AGGRESSIVE;
				CLANG_WARN_UNREACHABLE_CODE = YES;
				CLANG_WARN__DUPLICATE_METHOD_MATCH = YES;
				COPY_PHASE_STRIP = NO;
				DEBUG_INFORMATION_FORMAT = dwarf;
				ENABLE_STRICT_OBJC_MSGSEND = YES;
				ENABLE_TESTABILITY = YES;
				GCC_C_LANGUAGE_STANDARD = gnu11;
				GCC_DYNAMIC_NO_PIC = NO;
				GCC_NO_COMMON_BLOCKS = YES;
				GCC_OPTIMIZATION_LEVEL = 0;
				GCC_PREPROCESSOR_DEFINITIONS = (
					"DEBUG=1",
					"$(inherited)",
				);
				GCC_WARN_64_TO_32_BIT_CONVERSION = YES;
				GCC_WARN_ABOUT_RETURN_TYPE = YES_ERROR;
				GCC_WARN_UNDECLARED_SELECTOR = YES;
				GCC_WARN_UNINITIALIZED_AUTOS = YES_AGGRESSIVE;
				GCC_WARN_UNUSED_FUNCTION = YES;
				GCC_WARN_UNUSED_VARIABLE = YES;
				IPHONEOS_DEPLOYMENT_TARGET = 14.3;
				MTL_ENABLE_DEBUG_INFO = INCLUDE_SOURCE;
				MTL_FAST_MATH = YES;
				ONLY_ACTIVE_ARCH = YES;
				SDKROOT = iphoneos;
				SWIFT_ACTIVE_COMPILATION_CONDITIONS = DEBUG;
				SWIFT_OPTIMIZATION_LEVEL = "-Onone";
			};
			name = Debug;
		};
		842A2FA92BD51BC70022640D /* Release */ = {
			isa = XCBuildConfiguration;
			buildSettings = {
				ALWAYS_SEARCH_USER_PATHS = NO;
				CLANG_ANALYZER_NONNULL = YES;
				CLANG_ANALYZER_NUMBER_OBJECT_CONVERSION = YES_AGGRESSIVE;
				CLANG_CXX_LANGUAGE_STANDARD = "gnu++14";
				CLANG_CXX_LIBRARY = "libc++";
				CLANG_ENABLE_MODULES = YES;
				CLANG_ENABLE_OBJC_ARC = YES;
				CLANG_ENABLE_OBJC_WEAK = YES;
				CLANG_WARN_BLOCK_CAPTURE_AUTORELEASING = YES;
				CLANG_WARN_BOOL_CONVERSION = YES;
				CLANG_WARN_COMMA = YES;
				CLANG_WARN_CONSTANT_CONVERSION = YES;
				CLANG_WARN_DEPRECATED_OBJC_IMPLEMENTATIONS = YES;
				CLANG_WARN_DIRECT_OBJC_ISA_USAGE = YES_ERROR;
				CLANG_WARN_DOCUMENTATION_COMMENTS = YES;
				CLANG_WARN_EMPTY_BODY = YES;
				CLANG_WARN_ENUM_CONVERSION = YES;
				CLANG_WARN_INFINITE_RECURSION = YES;
				CLANG_WARN_INT_CONVERSION = YES;
				CLANG_WARN_NON_LITERAL_NULL_CONVERSION = YES;
				CLANG_WARN_OBJC_IMPLICIT_RETAIN_SELF = YES;
				CLANG_WARN_OBJC_LITERAL_CONVERSION = YES;
				CLANG_WARN_OBJC_ROOT_CLASS = YES_ERROR;
				CLANG_WARN_QUOTED_INCLUDE_IN_FRAMEWORK_HEADER = YES;
				CLANG_WARN_RANGE_LOOP_ANALYSIS = YES;
				CLANG_WARN_STRICT_PROTOTYPES = YES;
				CLANG_WARN_SUSPICIOUS_MOVE = YES;
				CLANG_WARN_UNGUARDED_AVAILABILITY = YES_AGGRESSIVE;
				CLANG_WARN_UNREACHABLE_CODE = YES;
				CLANG_WARN__DUPLICATE_METHOD_MATCH = YES;
				COPY_PHASE_STRIP = NO;
				DEBUG_INFORMATION_FORMAT = "dwarf-with-dsym";
				ENABLE_NS_ASSERTIONS = NO;
				ENABLE_STRICT_OBJC_MSGSEND = YES;
				GCC_C_LANGUAGE_STANDARD = gnu11;
				GCC_NO_COMMON_BLOCKS = YES;
				GCC_WARN_64_TO_32_BIT_CONVERSION = YES;
				GCC_WARN_ABOUT_RETURN_TYPE = YES_ERROR;
				GCC_WARN_UNDECLARED_SELECTOR = YES;
				GCC_WARN_UNINITIALIZED_AUTOS = YES_AGGRESSIVE;
				GCC_WARN_UNUSED_FUNCTION = YES;
				GCC_WARN_UNUSED_VARIABLE = YES;
				IPHONEOS_DEPLOYMENT_TARGET = 14.3;
				MTL_ENABLE_DEBUG_INFO = NO;
				MTL_FAST_MATH = YES;
				SDKROOT = iphoneos;
				SWIFT_COMPILATION_MODE = wholemodule;
				SWIFT_OPTIMIZATION_LEVEL = "-O";
				VALIDATE_PRODUCT = YES;
			};
			name = Release;
		};
		842A2FAB2BD51BC70022640D /* Debug */ = {
			isa = XCBuildConfiguration;
			buildSettings = {
				ASSETCATALOG_COMPILER_APPICON_NAME = AppIcon;
				ASSETCATALOG_COMPILER_GLOBAL_ACCENT_COLOR_NAME = AccentColor;
				CODE_SIGN_STYLE = Automatic;
				DEVELOPMENT_ASSET_PATHS = "\"SwiftUI-JsonReading/Preview Content\"";
				ENABLE_PREVIEWS = YES;
				INFOPLIST_FILE = "SwiftUI-JsonReading/Info.plist";
				IPHONEOS_DEPLOYMENT_TARGET = 14.0;
				LD_RUNPATH_SEARCH_PATHS = (
					"$(inherited)",
					"@executable_path/Frameworks",
				);
				PRODUCT_BUNDLE_IDENTIFIER = "com.bheema.SwiftUI-JsonReading";
				PRODUCT_NAME = "$(TARGET_NAME)";
				SWIFT_VERSION = 5.0;
				TARGETED_DEVICE_FAMILY = "1,2";
			};
			name = Debug;
		};
		842A2FAC2BD51BC70022640D /* Release */ = {
			isa = XCBuildConfiguration;
			buildSettings = {
				ASSETCATALOG_COMPILER_APPICON_NAME = AppIcon;
				ASSETCATALOG_COMPILER_GLOBAL_ACCENT_COLOR_NAME = AccentColor;
				CODE_SIGN_STYLE = Automatic;
				DEVELOPMENT_ASSET_PATHS = "\"SwiftUI-JsonReading/Preview Content\"";
				ENABLE_PREVIEWS = YES;
				INFOPLIST_FILE = "SwiftUI-JsonReading/Info.plist";
				IPHONEOS_DEPLOYMENT_TARGET = 14.0;
				LD_RUNPATH_SEARCH_PATHS = (
					"$(inherited)",
					"@executable_path/Frameworks",
				);
				PRODUCT_BUNDLE_IDENTIFIER = "com.bheema.SwiftUI-JsonReading";
				PRODUCT_NAME = "$(TARGET_NAME)";
				SWIFT_VERSION = 5.0;
				TARGETED_DEVICE_FAMILY = "1,2";
			};
			name = Release;
		};
/* End XCBuildConfiguration section */

/* Begin XCConfigurationList section */
		842A2F962BD51BC30022640D /* Build configuration list for PBXProject "SwiftUI-JsonReading" */ = {
			isa = XCConfigurationList;
			buildConfigurations = (
				842A2FA82BD51BC70022640D /* Debug */,
				842A2FA92BD51BC70022640D /* Release */,
			);
			defaultConfigurationIsVisible = 0;
			defaultConfigurationName = Release;
		};
		842A2FAA2BD51BC70022640D /* Build configuration list for PBXNativeTarget "SwiftUI-JsonReading" */ = {
			isa = XCConfigurationList;
			buildConfigurations = (
				842A2FAB2BD51BC70022640D /* Debug */,
				842A2FAC2BD51BC70022640D /* Release */,
			);
			defaultConfigurationIsVisible = 0;
			defaultConfigurationName = Release;
		};
/* End XCConfigurationList section */
	};
	rootObject = 842A2F932BD51BC30022640D /* Project object */;
}
